
Microsoft Visual Studio Solution File, Format Version 12.00
# Visual Studio 2013
VisualStudioVersion = 12.0.40629.0
MinimumVisualStudioVersion = 10.0.40219.1
Project("{FAE04EC0-301F-11D3-BF4B-00C04F79EFBC}") = "NUnitClassLibrary", "NUnitClassLibrary\NUnitClassLibrary.csproj", "{40AA81FE-B8D2-4C43-9619-F1416722C6B4}"
EndProject
Project("{FAE04EC0-301F-11D3-BF4B-00C04F79EFBC}") = "NUnitClassLibraryTest", "NUnitClassLibraryTest\NUnitClassLibraryTest.csproj", "{DF80E44E-8605-433D-B236-535319157CA1}"
EndProject
Global
	GlobalSection(SolutionConfigurationPlatforms) = preSolution
		Debug|Any CPU = Debug|Any CPU
		Release|Any CPU = Release|Any CPU
	EndGlobalSection
	GlobalSection(ProjectConfigurationPlatforms) = postSolution
		{40AA81FE-B8D2-4C43-9619-F1416722C6B4}.Debug|Any CPU.ActiveCfg = Debug|Any CPU
		{40AA81FE-B8D2-4C43-9619-F1416722C6B4}.Debug|Any CPU.Build.0 = Debug|Any CPU
		{40AA81FE-B8D2-4C43-9619-F1416722C6B4}.Release|Any CPU.ActiveCfg = Release|Any CPU
		{40AA81FE-B8D2-4C43-9619-F1416722C6B4}.Release|Any CPU.Build.0 = Release|Any CPU
		{DF80E44E-8605-433D-B236-535319157CA1}.Debug|Any CPU.ActiveCfg = Debug|Any CPU
		{DF80E44E-8605-433D-B236-535319157CA1}.Debug|Any CPU.Build.0 = Debug|Any CPU
		{DF80E44E-8605-433D-B236-535319157CA1}.Release|Any CPU.ActiveCfg = Release|Any CPU
		{DF80E44E-8605-433D-B236-535319157CA1}.Release|Any CPU.Build.0 = Release|Any CPU
	EndGlobalSection
	GlobalSection(SolutionProperties) = preSolution
		HideSolutionNode = FALSE
	EndGlobalSection
EndGlobal
